github.com/vincenzopalazzo/cln4go v0.0.1-beta.8 h1:j5KAUwSehDa9HrFd5M6/kRD8NEiTc0CiClixl5e9gTk=
github.com/vincenzopalazzo/cln4go v0.0.1-beta.8/go.mod h1:2NnveaBEhWeXc6SAyTLGIYRJsVq+5RjTRKh105b8Y2M=
github.com/vincenzopalazzo/cln4go/client v0.0.0-20220802085837-fb816fecb890 h1:ylUf6ddD7TGHC+CXrAq0EQr5EsPVRYuiHDlPs1AIXf4=
github.com/vincenzopalazzo/cln4go/client v0.0.0-20220802085837-fb816fecb890/go.mod h1:7X4Hn+hwG3Ts/S3tgEqsowfUHZqyjx7/1z/8oDw7Muw=
github.com/vincenzopalazzo/cln4go/client v0.0.0-20230413130716-35626bd3b34b h1:WIFJ0/HDdiiwqLwWN2uunudA6HPFIlsl2/CsPJRdM7w=
github.com/vincenzopalazzo/cln4go/client v0.0.0-20230413130716-35626bd3b34b/go.mod h1:7C64iH2eVEE7WkIMQa8fmtQmFNzprDt6rIZOxG57Thg=
github.com/vincenzopalazzo/cln4go/comm v0.0.0-20220802085837-fb816fecb890 h1:NvP9FlygyCWYaZizyxTdGBe3yRuzPzdnoxz3g28PAps=
github.com/vincenzopalazzo/cln4go/comm v0.0.0-20220802085837-fb816fecb890/go.mod h1:zyOWcz5aSHCsLuZLaVBTjbRnxlf5Ac+Rfhu5Ciuyy2c=
github.com/vincenzopalazzo/cln4go/comm v0.0.0-20220818123810-7039d15d24ca h1:BkPn3LskgTCmMsgW9pZ9ZZc5nObZF0lo+hIl5mz0Wak=
github.com/vincenzopalazzo/cln4go/comm v0.0.0-20220818123810-7039d15d24ca/go.mod h1:zyOWcz5aSHCsLuZLaVBTjbRnxlf5Ac+Rfhu5Ciuyy2c=
github.com/vincenzopalazzo/cln4go/comm v0.0.0-20230413130716-35626bd3b34b h1:tg6sPkYyV5mnMVkCqbM7ow4u6hmyl9l5uCWiu5mKHUY=
github.com/vincenzopalazzo/cln4go/comm v0.0.0-20230413130716-35626bd3b34b/go.mod h1:zyOWcz5aSHCsLuZLaVBTjbRnxlf5Ac+Rfhu5Ciuyy2c=
github.com/vincenzopalazzo/cln4go/comm v0.0.0-20240229133517-f6b60e643fc6 h1:U6ZmHOP4Ru0+GCqjositNa2BM3qYS7GiYPUiC06sUcI=
github.com/vincenzopalazzo/cln4go/comm v0.0.0-20240229133517-f6b60e643fc6/go.mod h1:zyOWcz5aSHCsLuZLaVBTjbRnxlf5Ac+Rfhu5Ciuyy2c=
github.com/vincenzopalazzo/cln4go/plugin v0.0.0-20220802085837-fb816fecb890 h1:L32YhQYlO2CeIp7AvjfN8ozuEba1R5/vi2bpH91B5mM=
github.com/vincenzopalazzo/cln4go/plugin v0.0.0-20220802085837-fb816fecb890/go.mod h1:vb+knVG7/MR+oTnDRRwDH7WqO6U0FbcRNWjQeu0xdds=
github.com/vincenzopalazzo/cln4go/plugin v0.0.0-20220818123810-7039d15d24ca h1:wgoFUhwXvQxbsxsrJE6+jMr1sagIHRD/f7F5irHxkaA=
github.com/vincenzopalazzo/cln4go/plugin v0.0.0-20220818123810-7039d15d24ca/go.mod h1:vb+knVG7/MR+oTnDRRwDH7WqO6U0FbcRNWjQeu0xdds=
github.com/vincenzopalazzo/cln4go/plugin v0.0.0-20230413130716-35626bd3b34b h1:hh8bn9l/wX3FiH0G8uIP46YNP7QXpa1sSQnt+JpoBTQ=
github.com/vincenzopalazzo/cln4go/plugin v0.0.0-20230413130716-35626bd3b34b/go.mod h1:vb+knVG7/MR+oTnDRRwDH7WqO6U0FbcRNWjQeu0xdds=
github.com/vincenzopalazzo/cln4go/plugin v0.0.0-20240229133517-f6b60e643fc6 h1:Ex2XRQGVr5Fsn/cNVBEep4vntZ3DQnOwhZWxb2/1qzs=
github.com/vincenzopalazzo/cln4go/plugin v0.0.0-20240229133517-f6b60e643fc6/go.mod h1:vb+knVG7/MR+oTnDRRwDH7WqO6U0FbcRNWjQeu0xdds=
github.com/vincenzopalazzo/cpstl/go v0.0.0-20221204131531-d0659db4dd2a h1:eh427yzx/JbkOuLjSS2bPop/14HMq7eYGWC1bp29mzU=
github.com/vincenzopalazzo/cpstl/go v0.0.0-20221204131531-d0659db4dd2a/go.mod h1:VNETfpfs0pZQKEg9qwSm7M1gfVrliFFzxKVVppNaxbM=
